
Microsoft Visual Studio Solution File, Format Version 12.00
# Visual Studio Version 17
VisualStudioVersion = 17.5.33424.131
MinimumVisualStudioVersion = 10.0.40219.1
Project("{8BC9CEB8-8B4A-11D0-8D11-00A0C91BC942}") = "Practica1", "Practica1\Practica1.vcxproj", "{FA46CEC3-152F-4C8C-A2D9-8FE26FAB1C91}"
EndProject
Project("{8BC9CEB8-8B4A-11D0-8D11-00A0C91BC942}") = "Etapa2", "Etapa2\Etapa2.vcxproj", "{2F059F6F-A75B-4F84-8ABB-19B9EC8FB8E2}"
EndProject
Project("{8BC9CEB8-8B4A-11D0-8D11-00A0C91BC942}") = "SistemaSolar", "SistemaSolar\SistemaSolar.vcxproj", "{81819AE9-4E91-4F92-B7F4-DC6D3B701E5D}"
EndProject
Project("{8BC9CEB8-8B4A-11D0-8D11-00A0C91BC942}") = "Pendulo", "Pendulo\Pendulo.vcxproj", "{7606891C-479D-4F6A-BF0C-428033636FEF}"
EndProject
Global
	GlobalSection(SolutionConfigurationPlatforms) = preSolution
		Debug|x64 = Debug|x64
		Debug|x86 = Debug|x86
		Release|x64 = Release|x64
		Release|x86 = Release|x86
	EndGlobalSection
	GlobalSection(ProjectConfigurationPlatforms) = postSolution
		{FA46CEC3-152F-4C8C-A2D9-8FE26FAB1C91}.Debug|x64.ActiveCfg = Debug|x64
		{FA46CEC3-152F-4C8C-A2D9-8FE26FAB1C91}.Debug|x64.Build.0 = Debug|x64
		{FA46CEC3-152F-4C8C-A2D9-8FE26FAB1C91}.Debug|x86.ActiveCfg = Debug|Win32
		{FA46CEC3-152F-4C8C-A2D9-8FE26FAB1C91}.Debug|x86.Build.0 = Debug|Win32
		{FA46CEC3-152F-4C8C-A2D9-8FE26FAB1C91}.Release|x64.ActiveCfg = Release|x64
		{FA46CEC3-152F-4C8C-A2D9-8FE26FAB1C91}.Release|x64.Build.0 = Release|x64
		{FA46CEC3-152F-4C8C-A2D9-8FE26FAB1C91}.Release|x86.ActiveCfg = Release|Win32
		{FA46CEC3-152F-4C8C-A2D9-8FE26FAB1C91}.Release|x86.Build.0 = Release|Win32
		{2F059F6F-A75B-4F84-8ABB-19B9EC8FB8E2}.Debug|x64.ActiveCfg = Debug|x64
		{2F059F6F-A75B-4F84-8ABB-19B9EC8FB8E2}.Debug|x64.Build.0 = Debug|x64
		{2F059F6F-A75B-4F84-8ABB-19B9EC8FB8E2}.Debug|x86.ActiveCfg = Debug|Win32
		{2F059F6F-A75B-4F84-8ABB-19B9EC8FB8E2}.Debug|x86.Build.0 = Debug|Win32
		{2F059F6F-A75B-4F84-8ABB-19B9EC8FB8E2}.Release|x64.ActiveCfg = Release|x64
		{2F059F6F-A75B-4F84-8ABB-19B9EC8FB8E2}.Release|x64.Build.0 = Release|x64
		{2F059F6F-A75B-4F84-8ABB-19B9EC8FB8E2}.Release|x86.ActiveCfg = Release|Win32
		{2F059F6F-A75B-4F84-8ABB-19B9EC8FB8E2}.Release|x86.Build.0 = Release|Win32
		{81819AE9-4E91-4F92-B7F4-DC6D3B701E5D}.Debug|x64.ActiveCfg = Debug|x64
		{81819AE9-4E91-4F92-B7F4-DC6D3B701E5D}.Debug|x64.Build.0 = Debug|x64
		{81819AE9-4E91-4F92-B7F4-DC6D3B701E5D}.Debug|x86.ActiveCfg = Debug|Win32
		{81819AE9-4E91-4F92-B7F4-DC6D3B701E5D}.Debug|x86.Build.0 = Debug|Win32
		{81819AE9-4E91-4F92-B7F4-DC6D3B701E5D}.Release|x64.ActiveCfg = Release|x64
		{81819AE9-4E91-4F92-B7F4-DC6D3B701E5D}.Release|x64.Build.0 = Release|x64
		{81819AE9-4E91-4F92-B7F4-DC6D3B701E5D}.Release|x86.ActiveCfg = Release|Win32
		{81819AE9-4E91-4F92-B7F4-DC6D3B701E5D}.Release|x86.Build.0 = Release|Win32
		{7606891C-479D-4F6A-BF0C-428033636FEF}.Debug|x64.ActiveCfg = Debug|x64
		{7606891C-479D-4F6A-BF0C-428033636FEF}.Debug|x64.Build.0 = Debug|x64
		{7606891C-479D-4F6A-BF0C-428033636FEF}.Debug|x86.ActiveCfg = Debug|Win32
		{7606891C-479D-4F6A-BF0C-428033636FEF}.Debug|x86.Build.0 = Debug|Win32
		{7606891C-479D-4F6A-BF0C-428033636FEF}.Release|x64.ActiveCfg = Release|x64
		{7606891C-479D-4F6A-BF0C-428033636FEF}.Release|x64.Build.0 = Release|x64
		{7606891C-479D-4F6A-BF0C-428033636FEF}.Release|x86.ActiveCfg = Release|Win32
		{7606891C-479D-4F6A-BF0C-428033636FEF}.Release|x86.Build.0 = Release|Win32
	EndGlobalSection
	GlobalSection(SolutionProperties) = preSolution
		HideSolutionNode = FALSE
	EndGlobalSection
	GlobalSection(ExtensibilityGlobals) = postSolution
		SolutionGuid = {9DC4F40D-0E25-4F93-B1F6-1D74FD143C68}
	EndGlobalSection
EndGlobal
